
Microsoft Visual Studio Solution File, Format Version 12.00
# Visual Studio Version 17
VisualStudioVersion = 17.13.35919.96 d17.13
MinimumVisualStudioVersion = 10.0.40219.1
Project("{2150E333-8FDC-42A3-9474-1A3956D46DE8}") = "01 SchoolApp.Core", "01 SchoolApp.Core", "{02EA681E-C7D8-13C7-8484-4AC65E1B71E8}"
EndProject
Project("{2150E333-8FDC-42A3-9474-1A3956D46DE8}") = "02 SchoolApp.Services", "02 SchoolApp.Services", "{5044373D-9DB8-4297-9C86-50466BA23121}"
EndProject
Project("{2150E333-8FDC-42A3-9474-1A3956D46DE8}") = "03 SchoolApp.BusinessLogic", "03 SchoolApp.BusinessLogic", "{2BCE3757-591E-4A3B-AFEC-32DAA09C9D80}"
EndProject
Project("{2150E333-8FDC-42A3-9474-1A3956D46DE8}") = "04 SchoolApp.AccessLayer", "04 SchoolApp.AccessLayer", "{CC70E33B-26DE-479B-B8AA-EC4C784F456D}"
EndProject
Project("{2150E333-8FDC-42A3-9474-1A3956D46DE8}") = "05 SchoolAll.Shared", "05 SchoolAll.Shared", "{12D2F872-030F-4E57-AB3E-7C195AE176D1}"
EndProject
Global
	GlobalSection(SolutionProperties) = preSolution
		HideSolutionNode = FALSE
	EndGlobalSection
	GlobalSection(ExtensibilityGlobals) = postSolution
		SolutionGuid = {29522AAF-4A09-429B-97D4-45B5B8D1DC06}
	EndGlobalSection
EndGlobal
