
Microsoft Visual Studio Solution File, Format Version 12.00
# Visual Studio Version 17
VisualStudioVersion = 17.13.35919.96
MinimumVisualStudioVersion = 10.0.40219.1
Project("{2150E333-8FDC-42A3-9474-1A3956D46DE8}") = "01 Web", "01 Web", "{02EA681E-C7D8-13C7-8484-4AC65E1B71E8}"
EndProject
Project("{2150E333-8FDC-42A3-9474-1A3956D46DE8}") = "02 Service", "02 Service", "{73F4D862-1F6B-4EF6-A373-FA7928972FFC}"
EndProject
Project("{2150E333-8FDC-42A3-9474-1A3956D46DE8}") = "03 Logic", "03 Logic", "{C93E264E-D549-4DDD-AD54-00AD49EC39F6}"
EndProject
Project("{2150E333-8FDC-42A3-9474-1A3956D46DE8}") = "04 Data", "04 Data", "{5CF4B5F5-C463-4A18-A52B-C7ED901DE30C}"
EndProject
Project("{2150E333-8FDC-42A3-9474-1A3956D46DE8}") = "05 Shared", "05 Shared", "{87037FBD-DC83-4103-8311-B2570DF27D97}"
EndProject
Project("{FAE04EC0-301F-11D3-BF4B-00C04F79EFBC}") = "Data.DbAccessLayer", "Data.DbAccessLayer\Data.DbAccessLayer.csproj", "{789FD588-22B4-4844-8681-8020BC75E301}"
EndProject
Project("{FAE04EC0-301F-11D3-BF4B-00C04F79EFBC}") = "Web.Core", "Web.Core\Web.Core.csproj", "{EA7D5697-635D-4822-BD36-AB8AB61DFB53}"
EndProject
Project("{FAE04EC0-301F-11D3-BF4B-00C04F79EFBC}") = "Data.Entities", "Data.Entities\Data.Entities.csproj", "{DDAE1AA4-C4D5-4AF8-81F0-DEDDEE32E2F5}"
EndProject
Project("{FAE04EC0-301F-11D3-BF4B-00C04F79EFBC}") = "Shared.Enums", "Shared.Enums\Shared.Enums.csproj", "{5D75FE55-6C50-4C33-A11F-A5F0DC02DBC5}"
EndProject
Project("{FAE04EC0-301F-11D3-BF4B-00C04F79EFBC}") = "Logic.Shared", "Logic.Shared\Logic.Shared.csproj", "{CE46D6F9-53E5-47FB-AE96-654F8DF8B046}"
EndProject
Global
	GlobalSection(SolutionConfigurationPlatforms) = preSolution
		Debug|Any CPU = Debug|Any CPU
		Release|Any CPU = Release|Any CPU
	EndGlobalSection
	GlobalSection(ProjectConfigurationPlatforms) = postSolution
		{789FD588-22B4-4844-8681-8020BC75E301}.Debug|Any CPU.ActiveCfg = Debug|Any CPU
		{789FD588-22B4-4844-8681-8020BC75E301}.Debug|Any CPU.Build.0 = Debug|Any CPU
		{789FD588-22B4-4844-8681-8020BC75E301}.Release|Any CPU.ActiveCfg = Release|Any CPU
		{789FD588-22B4-4844-8681-8020BC75E301}.Release|Any CPU.Build.0 = Release|Any CPU
		{EA7D5697-635D-4822-BD36-AB8AB61DFB53}.Debug|Any CPU.ActiveCfg = Debug|Any CPU
		{EA7D5697-635D-4822-BD36-AB8AB61DFB53}.Debug|Any CPU.Build.0 = Debug|Any CPU
		{EA7D5697-635D-4822-BD36-AB8AB61DFB53}.Release|Any CPU.ActiveCfg = Release|Any CPU
		{EA7D5697-635D-4822-BD36-AB8AB61DFB53}.Release|Any CPU.Build.0 = Release|Any CPU
		{DDAE1AA4-C4D5-4AF8-81F0-DEDDEE32E2F5}.Debug|Any CPU.ActiveCfg = Debug|Any CPU
		{DDAE1AA4-C4D5-4AF8-81F0-DEDDEE32E2F5}.Debug|Any CPU.Build.0 = Debug|Any CPU
		{DDAE1AA4-C4D5-4AF8-81F0-DEDDEE32E2F5}.Release|Any CPU.ActiveCfg = Release|Any CPU
		{DDAE1AA4-C4D5-4AF8-81F0-DEDDEE32E2F5}.Release|Any CPU.Build.0 = Release|Any CPU
		{5D75FE55-6C50-4C33-A11F-A5F0DC02DBC5}.Debug|Any CPU.ActiveCfg = Debug|Any CPU
		{5D75FE55-6C50-4C33-A11F-A5F0DC02DBC5}.Debug|Any CPU.Build.0 = Debug|Any CPU
		{5D75FE55-6C50-4C33-A11F-A5F0DC02DBC5}.Release|Any CPU.ActiveCfg = Release|Any CPU
		{5D75FE55-6C50-4C33-A11F-A5F0DC02DBC5}.Release|Any CPU.Build.0 = Release|Any CPU
		{CE46D6F9-53E5-47FB-AE96-654F8DF8B046}.Debug|Any CPU.ActiveCfg = Debug|Any CPU
		{CE46D6F9-53E5-47FB-AE96-654F8DF8B046}.Debug|Any CPU.Build.0 = Debug|Any CPU
		{CE46D6F9-53E5-47FB-AE96-654F8DF8B046}.Release|Any CPU.ActiveCfg = Release|Any CPU
		{CE46D6F9-53E5-47FB-AE96-654F8DF8B046}.Release|Any CPU.Build.0 = Release|Any CPU
	EndGlobalSection
	GlobalSection(SolutionProperties) = preSolution
		HideSolutionNode = FALSE
	EndGlobalSection
	GlobalSection(NestedProjects) = preSolution
		{789FD588-22B4-4844-8681-8020BC75E301} = {5CF4B5F5-C463-4A18-A52B-C7ED901DE30C}
		{EA7D5697-635D-4822-BD36-AB8AB61DFB53} = {02EA681E-C7D8-13C7-8484-4AC65E1B71E8}
		{DDAE1AA4-C4D5-4AF8-81F0-DEDDEE32E2F5} = {5CF4B5F5-C463-4A18-A52B-C7ED901DE30C}
		{5D75FE55-6C50-4C33-A11F-A5F0DC02DBC5} = {87037FBD-DC83-4103-8311-B2570DF27D97}
		{CE46D6F9-53E5-47FB-AE96-654F8DF8B046} = {C93E264E-D549-4DDD-AD54-00AD49EC39F6}
	EndGlobalSection
	GlobalSection(ExtensibilityGlobals) = postSolution
		SolutionGuid = {6F2BE4EC-476D-44A4-8167-B5CC52B0A259}
	EndGlobalSection
EndGlobal
